
Microsoft Visual Studio Solution File, Format Version 12.00
# Visual Studio Version 16
VisualStudioVersion = 16.0.29102.190
MinimumVisualStudioVersion = 10.0.40219.1
Project("{2150E333-8FDC-42A3-9474-1A3956D46DE8}") = "Bussiness", "Bussiness", "{652ACAE4-BD8A-4927-B761-4F76BEFB0606}"
EndProject
Project("{2150E333-8FDC-42A3-9474-1A3956D46DE8}") = "Service", "Service", "{343B396C-3283-4E0F-A6B4-E364EE79F0EC}"
EndProject
Project("{9A19103F-16F7-4668-BE54-9A1E7A4F7556}") = "AydoganFBank.Service", "Service\AydoganFBank.Service\AydoganFBank.Service.csproj", "{5F744FEC-883C-41DB-8D06-067B89AC26C4}"
EndProject
Project("{2150E333-8FDC-42A3-9474-1A3956D46DE8}") = "API", "API", "{4F0AA3C2-498A-4C4C-914B-B6286049BDAB}"
EndProject
Project("{9A19103F-16F7-4668-BE54-9A1E7A4F7556}") = "aydoganfbank.web.api", "API\aydoganfbank.web.api\aydoganfbank.web.api.csproj", "{A38A6804-8884-45AF-A76D-84BDF3EC9D25}"
EndProject
Project("{2150E333-8FDC-42A3-9474-1A3956D46DE8}") = "DB", "DB", "{E277E9EF-556F-4551-9E0A-B7FCC8B0F38A}"
EndProject
Project("{FAE04EC0-301F-11D3-BF4B-00C04F79EFBC}") = "AydoganFBank.Database", "DB\AydoganFBank.Database\AydoganFBank.Database.csproj", "{AB99FB45-6418-4FC4-9AF8-CBAA53285D22}"
EndProject
Project("{FAE04EC0-301F-11D3-BF4B-00C04F79EFBC}") = "AydoganFBank.Context", "Bussiness\AydoganFBank.Context\AydoganFBank.Context.csproj", "{1B386555-65FB-457B-BF73-83832404DC06}"
EndProject
Project("{FAE04EC0-301F-11D3-BF4B-00C04F79EFBC}") = "AydoganFBank.AccountManagement", "Bussiness\AydoganFBank.AccountManagement\AydoganFBank.AccountManagement.csproj", "{C7414BA4-90A9-4FAB-B6B2-D039297DF26A}"
EndProject
Global
	GlobalSection(SolutionConfigurationPlatforms) = preSolution
		Debug|Any CPU = Debug|Any CPU
		Release|Any CPU = Release|Any CPU
	EndGlobalSection
	GlobalSection(ProjectConfigurationPlatforms) = postSolution
		{5F744FEC-883C-41DB-8D06-067B89AC26C4}.Debug|Any CPU.ActiveCfg = Debug|Any CPU
		{5F744FEC-883C-41DB-8D06-067B89AC26C4}.Debug|Any CPU.Build.0 = Debug|Any CPU
		{5F744FEC-883C-41DB-8D06-067B89AC26C4}.Release|Any CPU.ActiveCfg = Release|Any CPU
		{5F744FEC-883C-41DB-8D06-067B89AC26C4}.Release|Any CPU.Build.0 = Release|Any CPU
		{A38A6804-8884-45AF-A76D-84BDF3EC9D25}.Debug|Any CPU.ActiveCfg = Debug|Any CPU
		{A38A6804-8884-45AF-A76D-84BDF3EC9D25}.Debug|Any CPU.Build.0 = Debug|Any CPU
		{A38A6804-8884-45AF-A76D-84BDF3EC9D25}.Release|Any CPU.ActiveCfg = Release|Any CPU
		{A38A6804-8884-45AF-A76D-84BDF3EC9D25}.Release|Any CPU.Build.0 = Release|Any CPU
		{AB99FB45-6418-4FC4-9AF8-CBAA53285D22}.Debug|Any CPU.ActiveCfg = Debug|Any CPU
		{AB99FB45-6418-4FC4-9AF8-CBAA53285D22}.Debug|Any CPU.Build.0 = Debug|Any CPU
		{AB99FB45-6418-4FC4-9AF8-CBAA53285D22}.Release|Any CPU.ActiveCfg = Release|Any CPU
		{AB99FB45-6418-4FC4-9AF8-CBAA53285D22}.Release|Any CPU.Build.0 = Release|Any CPU
		{1B386555-65FB-457B-BF73-83832404DC06}.Debug|Any CPU.ActiveCfg = Debug|Any CPU
		{1B386555-65FB-457B-BF73-83832404DC06}.Debug|Any CPU.Build.0 = Debug|Any CPU
		{1B386555-65FB-457B-BF73-83832404DC06}.Release|Any CPU.ActiveCfg = Release|Any CPU
		{1B386555-65FB-457B-BF73-83832404DC06}.Release|Any CPU.Build.0 = Release|Any CPU
		{C7414BA4-90A9-4FAB-B6B2-D039297DF26A}.Debug|Any CPU.ActiveCfg = Debug|Any CPU
		{C7414BA4-90A9-4FAB-B6B2-D039297DF26A}.Debug|Any CPU.Build.0 = Debug|Any CPU
		{C7414BA4-90A9-4FAB-B6B2-D039297DF26A}.Release|Any CPU.ActiveCfg = Release|Any CPU
		{C7414BA4-90A9-4FAB-B6B2-D039297DF26A}.Release|Any CPU.Build.0 = Release|Any CPU
	EndGlobalSection
	GlobalSection(SolutionProperties) = preSolution
		HideSolutionNode = FALSE
	EndGlobalSection
	GlobalSection(NestedProjects) = preSolution
		{5F744FEC-883C-41DB-8D06-067B89AC26C4} = {343B396C-3283-4E0F-A6B4-E364EE79F0EC}
		{A38A6804-8884-45AF-A76D-84BDF3EC9D25} = {4F0AA3C2-498A-4C4C-914B-B6286049BDAB}
		{AB99FB45-6418-4FC4-9AF8-CBAA53285D22} = {E277E9EF-556F-4551-9E0A-B7FCC8B0F38A}
		{1B386555-65FB-457B-BF73-83832404DC06} = {652ACAE4-BD8A-4927-B761-4F76BEFB0606}
		{C7414BA4-90A9-4FAB-B6B2-D039297DF26A} = {652ACAE4-BD8A-4927-B761-4F76BEFB0606}
	EndGlobalSection
	GlobalSection(ExtensibilityGlobals) = postSolution
		SolutionGuid = {B1A5E257-73E3-44F0-B9AF-E5DD83594CDE}
	EndGlobalSection
EndGlobal
