
Microsoft Visual Studio Solution File, Format Version 12.00
# Visual Studio Version 16
VisualStudioVersion = 16.0.29102.190
MinimumVisualStudioVersion = 10.0.40219.1
Project("{2150E333-8FDC-42A3-9474-1A3956D46DE8}") = "Bussiness", "Bussiness", "{652ACAE4-BD8A-4927-B761-4F76BEFB0606}"
EndProject
Project("{2150E333-8FDC-42A3-9474-1A3956D46DE8}") = "Service", "Service", "{343B396C-3283-4E0F-A6B4-E364EE79F0EC}"
EndProject
Project("{2150E333-8FDC-42A3-9474-1A3956D46DE8}") = "API", "API", "{4F0AA3C2-498A-4C4C-914B-B6286049BDAB}"
EndProject
Project("{9A19103F-16F7-4668-BE54-9A1E7A4F7556}") = "aydoganfbank.web.api", "API\aydoganfbank.web.api\aydoganfbank.web.api.csproj", "{A38A6804-8884-45AF-A76D-84BDF3EC9D25}"
EndProject
Project("{2150E333-8FDC-42A3-9474-1A3956D46DE8}") = "DB", "DB", "{E277E9EF-556F-4551-9E0A-B7FCC8B0F38A}"
EndProject
Project("{FAE04EC0-301F-11D3-BF4B-00C04F79EFBC}") = "AydoganFBank.Database", "DB\AydoganFBank.Database\AydoganFBank.Database.csproj", "{AB99FB45-6418-4FC4-9AF8-CBAA53285D22}"
EndProject
Project("{FAE04EC0-301F-11D3-BF4B-00C04F79EFBC}") = "AydoganFBank.Context", "Bussiness\AydoganFBank.Context\AydoganFBank.Context.csproj", "{1B386555-65FB-457B-BF73-83832404DC06}"
EndProject
Project("{FAE04EC0-301F-11D3-BF4B-00C04F79EFBC}") = "AydoganFBank.AccountManagement", "Bussiness\AydoganFBank.AccountManagement\AydoganFBank.AccountManagement.csproj", "{C7414BA4-90A9-4FAB-B6B2-D039297DF26A}"
EndProject
Project("{FAE04EC0-301F-11D3-BF4B-00C04F79EFBC}") = "AydoganFBank.Service", "Service\AydoganFBank.Service\AydoganFBank.Service.csproj", "{5C41C69B-EB42-477A-99EE-17E3488EF37C}"
EndProject
Project("{FAE04EC0-301F-11D3-BF4B-00C04F79EFBC}") = "aydoganfbank.web.api.bussiness", "API\aydoganfbank.web.api.bussiness\aydoganfbank.web.api.bussiness.csproj", "{0126F903-0AB2-4643-9CA9-98E8CCC5E20C}"
EndProject
Project("{9A19103F-16F7-4668-BE54-9A1E7A4F7556}") = "aydoganfbank.web.api2", "API\aydoganfbank.web.api2\aydoganfbank.web.api2.csproj", "{A1DB1644-E112-41B6-A4D0-0200FD194377}"
EndProject
Project("{FAE04EC0-301F-11D3-BF4B-00C04F79EFBC}") = "ServiceDispatcher", "Service\ServiceDispacher\ServiceDispatcher.csproj", "{7407E841-6666-493C-9C80-826D3502D7B9}"
EndProject
Project("{2150E333-8FDC-42A3-9474-1A3956D46DE8}") = "Applications", "Applications", "{DED3AF45-B2EF-4FCE-8566-EE1C45D9A1AD}"
EndProject
Project("{FAE04EC0-301F-11D3-BF4B-00C04F79EFBC}") = "AccountApp", "Applications\AccountApp\AccountApp.csproj", "{2EF65187-FA41-446E-BC1B-864F746BAC9A}"
EndProject
Project("{FAE04EC0-301F-11D3-BF4B-00C04F79EFBC}") = "AydoganFBank.TransactionManagement", "Bussiness\AydoganFBank.TransactionManagement\AydoganFBank.TransactionManagement.csproj", "{3A271102-590B-4774-BBF1-69BA38442DAC}"
EndProject
Global
	GlobalSection(SolutionConfigurationPlatforms) = preSolution
		Debug|Any CPU = Debug|Any CPU
		Release|Any CPU = Release|Any CPU
	EndGlobalSection
	GlobalSection(ProjectConfigurationPlatforms) = postSolution
		{A38A6804-8884-45AF-A76D-84BDF3EC9D25}.Debug|Any CPU.ActiveCfg = Debug|Any CPU
		{A38A6804-8884-45AF-A76D-84BDF3EC9D25}.Debug|Any CPU.Build.0 = Debug|Any CPU
		{A38A6804-8884-45AF-A76D-84BDF3EC9D25}.Release|Any CPU.ActiveCfg = Release|Any CPU
		{A38A6804-8884-45AF-A76D-84BDF3EC9D25}.Release|Any CPU.Build.0 = Release|Any CPU
		{AB99FB45-6418-4FC4-9AF8-CBAA53285D22}.Debug|Any CPU.ActiveCfg = Debug|Any CPU
		{AB99FB45-6418-4FC4-9AF8-CBAA53285D22}.Debug|Any CPU.Build.0 = Debug|Any CPU
		{AB99FB45-6418-4FC4-9AF8-CBAA53285D22}.Release|Any CPU.ActiveCfg = Release|Any CPU
		{AB99FB45-6418-4FC4-9AF8-CBAA53285D22}.Release|Any CPU.Build.0 = Release|Any CPU
		{1B386555-65FB-457B-BF73-83832404DC06}.Debug|Any CPU.ActiveCfg = Debug|Any CPU
		{1B386555-65FB-457B-BF73-83832404DC06}.Debug|Any CPU.Build.0 = Debug|Any CPU
		{1B386555-65FB-457B-BF73-83832404DC06}.Release|Any CPU.ActiveCfg = Release|Any CPU
		{1B386555-65FB-457B-BF73-83832404DC06}.Release|Any CPU.Build.0 = Release|Any CPU
		{C7414BA4-90A9-4FAB-B6B2-D039297DF26A}.Debug|Any CPU.ActiveCfg = Debug|Any CPU
		{C7414BA4-90A9-4FAB-B6B2-D039297DF26A}.Debug|Any CPU.Build.0 = Debug|Any CPU
		{C7414BA4-90A9-4FAB-B6B2-D039297DF26A}.Release|Any CPU.ActiveCfg = Release|Any CPU
		{C7414BA4-90A9-4FAB-B6B2-D039297DF26A}.Release|Any CPU.Build.0 = Release|Any CPU
		{5C41C69B-EB42-477A-99EE-17E3488EF37C}.Debug|Any CPU.ActiveCfg = Debug|Any CPU
		{5C41C69B-EB42-477A-99EE-17E3488EF37C}.Debug|Any CPU.Build.0 = Debug|Any CPU
		{5C41C69B-EB42-477A-99EE-17E3488EF37C}.Release|Any CPU.ActiveCfg = Release|Any CPU
		{5C41C69B-EB42-477A-99EE-17E3488EF37C}.Release|Any CPU.Build.0 = Release|Any CPU
		{0126F903-0AB2-4643-9CA9-98E8CCC5E20C}.Debug|Any CPU.ActiveCfg = Debug|Any CPU
		{0126F903-0AB2-4643-9CA9-98E8CCC5E20C}.Debug|Any CPU.Build.0 = Debug|Any CPU
		{0126F903-0AB2-4643-9CA9-98E8CCC5E20C}.Release|Any CPU.ActiveCfg = Release|Any CPU
		{0126F903-0AB2-4643-9CA9-98E8CCC5E20C}.Release|Any CPU.Build.0 = Release|Any CPU
		{A1DB1644-E112-41B6-A4D0-0200FD194377}.Debug|Any CPU.ActiveCfg = Debug|Any CPU
		{A1DB1644-E112-41B6-A4D0-0200FD194377}.Debug|Any CPU.Build.0 = Debug|Any CPU
		{A1DB1644-E112-41B6-A4D0-0200FD194377}.Release|Any CPU.ActiveCfg = Release|Any CPU
		{A1DB1644-E112-41B6-A4D0-0200FD194377}.Release|Any CPU.Build.0 = Release|Any CPU
		{7407E841-6666-493C-9C80-826D3502D7B9}.Debug|Any CPU.ActiveCfg = Debug|Any CPU
		{7407E841-6666-493C-9C80-826D3502D7B9}.Debug|Any CPU.Build.0 = Debug|Any CPU
		{7407E841-6666-493C-9C80-826D3502D7B9}.Release|Any CPU.ActiveCfg = Release|Any CPU
		{7407E841-6666-493C-9C80-826D3502D7B9}.Release|Any CPU.Build.0 = Release|Any CPU
		{2EF65187-FA41-446E-BC1B-864F746BAC9A}.Debug|Any CPU.ActiveCfg = Debug|Any CPU
		{2EF65187-FA41-446E-BC1B-864F746BAC9A}.Debug|Any CPU.Build.0 = Debug|Any CPU
		{2EF65187-FA41-446E-BC1B-864F746BAC9A}.Release|Any CPU.ActiveCfg = Release|Any CPU
		{2EF65187-FA41-446E-BC1B-864F746BAC9A}.Release|Any CPU.Build.0 = Release|Any CPU
		{3A271102-590B-4774-BBF1-69BA38442DAC}.Debug|Any CPU.ActiveCfg = Debug|Any CPU
		{3A271102-590B-4774-BBF1-69BA38442DAC}.Debug|Any CPU.Build.0 = Debug|Any CPU
		{3A271102-590B-4774-BBF1-69BA38442DAC}.Release|Any CPU.ActiveCfg = Release|Any CPU
		{3A271102-590B-4774-BBF1-69BA38442DAC}.Release|Any CPU.Build.0 = Release|Any CPU
	EndGlobalSection
	GlobalSection(SolutionProperties) = preSolution
		HideSolutionNode = FALSE
	EndGlobalSection
	GlobalSection(NestedProjects) = preSolution
		{A38A6804-8884-45AF-A76D-84BDF3EC9D25} = {4F0AA3C2-498A-4C4C-914B-B6286049BDAB}
		{AB99FB45-6418-4FC4-9AF8-CBAA53285D22} = {E277E9EF-556F-4551-9E0A-B7FCC8B0F38A}
		{1B386555-65FB-457B-BF73-83832404DC06} = {652ACAE4-BD8A-4927-B761-4F76BEFB0606}
		{C7414BA4-90A9-4FAB-B6B2-D039297DF26A} = {652ACAE4-BD8A-4927-B761-4F76BEFB0606}
		{5C41C69B-EB42-477A-99EE-17E3488EF37C} = {343B396C-3283-4E0F-A6B4-E364EE79F0EC}
		{0126F903-0AB2-4643-9CA9-98E8CCC5E20C} = {4F0AA3C2-498A-4C4C-914B-B6286049BDAB}
		{A1DB1644-E112-41B6-A4D0-0200FD194377} = {4F0AA3C2-498A-4C4C-914B-B6286049BDAB}
		{7407E841-6666-493C-9C80-826D3502D7B9} = {343B396C-3283-4E0F-A6B4-E364EE79F0EC}
		{2EF65187-FA41-446E-BC1B-864F746BAC9A} = {DED3AF45-B2EF-4FCE-8566-EE1C45D9A1AD}
		{3A271102-590B-4774-BBF1-69BA38442DAC} = {652ACAE4-BD8A-4927-B761-4F76BEFB0606}
	EndGlobalSection
	GlobalSection(ExtensibilityGlobals) = postSolution
		SolutionGuid = {B1A5E257-73E3-44F0-B9AF-E5DD83594CDE}
	EndGlobalSection
EndGlobal
